
Microsoft Visual Studio Solution File, Format Version 12.00
# Visual Studio 15
VisualStudioVersion = 15.0.27428.2015
MinimumVisualStudioVersion = 10.0.40219.1
Project("{FAE04EC0-301F-11D3-BF4B-00C04F79EFBC}") = "Angular5Core2V3", "Angular5Core2V3\Angular5Core2V3.csproj", "{F1BC61D7-D454-4D48-8D2B-C7408C2D2F06}"
EndProject
Global
	GlobalSection(SolutionConfigurationPlatforms) = preSolution
		Debug|Any CPU = Debug|Any CPU
		Release|Any CPU = Release|Any CPU
	EndGlobalSection
	GlobalSection(ProjectConfigurationPlatforms) = postSolution
		{F1BC61D7-D454-4D48-8D2B-C7408C2D2F06}.Debug|Any CPU.ActiveCfg = Debug|Any CPU
		{F1BC61D7-D454-4D48-8D2B-C7408C2D2F06}.Debug|Any CPU.Build.0 = Debug|Any CPU
		{F1BC61D7-D454-4D48-8D2B-C7408C2D2F06}.Release|Any CPU.ActiveCfg = Release|Any CPU
		{F1BC61D7-D454-4D48-8D2B-C7408C2D2F06}.Release|Any CPU.Build.0 = Release|Any CPU
	EndGlobalSection
	GlobalSection(SolutionProperties) = preSolution
		HideSolutionNode = FALSE
	EndGlobalSection
	GlobalSection(ExtensibilityGlobals) = postSolution
		SolutionGuid = {3FB92AED-7D62-41AB-B87E-7AAF5B9C47BD}
	EndGlobalSection
EndGlobal
